
Microsoft Visual Studio Solution File, Format Version 12.00
# Visual Studio Version 16
VisualStudioVersion = 16.0.30114.105
MinimumVisualStudioVersion = 10.0.40219.1
Project("{FAE04EC0-301F-11D3-BF4B-00C04F79EFBC}") = "OrchardCoreSqliteLockedTablesTest.Web", "OrchardCoreSqliteLockedTablesTest.Web\OrchardCoreSqliteLockedTablesTest.Web.csproj", "{102A76A3-BCC6-49FF-8BB4-E6FDF74E9DF2}"
EndProject
EndProject
Global
	GlobalSection(SolutionConfigurationPlatforms) = preSolution
		Debug|Any CPU = Debug|Any CPU
		Release|Any CPU = Release|Any CPU
	EndGlobalSection
	GlobalSection(SolutionProperties) = preSolution
		HideSolutionNode = FALSE
	EndGlobalSection
	GlobalSection(ProjectConfigurationPlatforms) = postSolution
		{102A76A3-BCC6-49FF-8BB4-E6FDF74E9DF2}.Debug|Any CPU.ActiveCfg = Debug|Any CPU
		{102A76A3-BCC6-49FF-8BB4-E6FDF74E9DF2}.Debug|Any CPU.Build.0 = Debug|Any CPU
		{102A76A3-BCC6-49FF-8BB4-E6FDF74E9DF2}.Release|Any CPU.ActiveCfg = Release|Any CPU
		{102A76A3-BCC6-49FF-8BB4-E6FDF74E9DF2}.Release|Any CPU.Build.0 = Release|Any CPU
		{79158A4B-3EF8-4AA4-8BE8-517B7B273339}.Debug|Any CPU.ActiveCfg = Debug|Any CPU
		{79158A4B-3EF8-4AA4-8BE8-517B7B273339}.Debug|Any CPU.Build.0 = Debug|Any CPU
		{79158A4B-3EF8-4AA4-8BE8-517B7B273339}.Release|Any CPU.ActiveCfg = Release|Any CPU
		{79158A4B-3EF8-4AA4-8BE8-517B7B273339}.Release|Any CPU.Build.0 = Release|Any CPU
	EndGlobalSection
EndGlobal
